// !$*UTF8*$!
{
	archiveVersion = 1;
	classes = {
	};
	objectVersion = 56;
	objects = {

/* Begin PBXBuildFile section */
		CE42A61029340F2F001DA373 /* HomeViewController.swift in Sources */ = {isa = PBXBuildFile; fileRef = CE42A60F29340F2F001DA373 /* HomeViewController.swift */; };
		CED5194A292D747000D7AF1B /* AppDelegate.swift in Sources */ = {isa = PBXBuildFile; fileRef = CED51949292D747000D7AF1B /* AppDelegate.swift */; };
		CED5194C292D747000D7AF1B /* SceneDelegate.swift in Sources */ = {isa = PBXBuildFile; fileRef = CED5194B292D747000D7AF1B /* SceneDelegate.swift */; };
		CED51953292D747100D7AF1B /* Assets.xcassets in Resources */ = {isa = PBXBuildFile; fileRef = CED51952292D747100D7AF1B /* Assets.xcassets */; };
		CED51956292D747100D7AF1B /* LaunchScreen.storyboard in Resources */ = {isa = PBXBuildFile; fileRef = CED51954292D747100D7AF1B /* LaunchScreen.storyboard */; };
		CED5195E292D747900D7AF1B /* .gitignore in Resources */ = {isa = PBXBuildFile; fileRef = CED5195D292D747900D7AF1B /* .gitignore */; };
		CED51961292D837800D7AF1B /* Rocket.swift in Sources */ = {isa = PBXBuildFile; fileRef = CED51960292D837800D7AF1B /* Rocket.swift */; };
		CED51963292D8ED700D7AF1B /* Launch.swift in Sources */ = {isa = PBXBuildFile; fileRef = CED51962292D8ED700D7AF1B /* Launch.swift */; };
		CED51966292D8F9500D7AF1B /* APIService.swift in Sources */ = {isa = PBXBuildFile; fileRef = CED51965292D8F9500D7AF1B /* APIService.swift */; };
/* End PBXBuildFile section */

/* Begin PBXFileReference section */
		CE42A60F29340F2F001DA373 /* HomeViewController.swift */ = {isa = PBXFileReference; lastKnownFileType = sourcecode.swift; path = HomeViewController.swift; sourceTree = "<group>"; };
		CED51946292D747000D7AF1B /* SpaceY-UIKit.app */ = {isa = PBXFileReference; explicitFileType = wrapper.application; includeInIndex = 0; path = "SpaceY-UIKit.app"; sourceTree = BUILT_PRODUCTS_DIR; };
		CED51949292D747000D7AF1B /* AppDelegate.swift */ = {isa = PBXFileReference; lastKnownFileType = sourcecode.swift; path = AppDelegate.swift; sourceTree = "<group>"; };
		CED5194B292D747000D7AF1B /* SceneDelegate.swift */ = {isa = PBXFileReference; lastKnownFileType = sourcecode.swift; path = SceneDelegate.swift; sourceTree = "<group>"; };
		CED51952292D747100D7AF1B /* Assets.xcassets */ = {isa = PBXFileReference; lastKnownFileType = folder.assetcatalog; path = Assets.xcassets; sourceTree = "<group>"; };
		CED51955292D747100D7AF1B /* Base */ = {isa = PBXFileReference; lastKnownFileType = file.storyboard; name = Base; path = Base.lproj/LaunchScreen.storyboard; sourceTree = "<group>"; };
		CED51957292D747100D7AF1B /* Info.plist */ = {isa = PBXFileReference; lastKnownFileType = text.plist.xml; path = Info.plist; sourceTree = "<group>"; };
		CED5195D292D747900D7AF1B /* .gitignore */ = {isa = PBXFileReference; fileEncoding = 4; lastKnownFileType = text; path = .gitignore; sourceTree = "<group>"; };
		CED51960292D837800D7AF1B /* Rocket.swift */ = {isa = PBXFileReference; lastKnownFileType = sourcecode.swift; path = Rocket.swift; sourceTree = "<group>"; };
		CED51962292D8ED700D7AF1B /* Launch.swift */ = {isa = PBXFileReference; lastKnownFileType = sourcecode.swift; path = Launch.swift; sourceTree = "<group>"; };
		CED51965292D8F9500D7AF1B /* APIService.swift */ = {isa = PBXFileReference; lastKnownFileType = sourcecode.swift; path = APIService.swift; sourceTree = "<group>"; };
/* End PBXFileReference section */

/* Begin PBXFrameworksBuildPhase section */
		CED51943292D747000D7AF1B /* Frameworks */ = {
			isa = PBXFrameworksBuildPhase;
			buildActionMask = 2147483647;
			files = (
			);
			runOnlyForDeploymentPostprocessing = 0;
		};
/* End PBXFrameworksBuildPhase section */

/* Begin PBXGroup section */
		CED5193D292D747000D7AF1B = {
			isa = PBXGroup;
			children = (
				CED5195D292D747900D7AF1B /* .gitignore */,
				CED51948292D747000D7AF1B /* SpaceY-UIKit */,
				CED51947292D747000D7AF1B /* Products */,
			);
			sourceTree = "<group>";
		};
		CED51947292D747000D7AF1B /* Products */ = {
			isa = PBXGroup;
			children = (
				CED51946292D747000D7AF1B /* SpaceY-UIKit.app */,
			);
			name = Products;
			sourceTree = "<group>";
		};
		CED51948292D747000D7AF1B /* SpaceY-UIKit */ = {
			isa = PBXGroup;
			children = (
				CED51964292D8F6200D7AF1B /* Service */,
				CED5195F292D836B00D7AF1B /* Model */,
				CED51949292D747000D7AF1B /* AppDelegate.swift */,
				CE42A60F29340F2F001DA373 /* HomeViewController.swift */,
				CED5194B292D747000D7AF1B /* SceneDelegate.swift */,
				CED51952292D747100D7AF1B /* Assets.xcassets */,
				CED51954292D747100D7AF1B /* LaunchScreen.storyboard */,
				CED51957292D747100D7AF1B /* Info.plist */,
			);
			path = "SpaceY-UIKit";
			sourceTree = "<group>";
		};
		CED5195F292D836B00D7AF1B /* Model */ = {
			isa = PBXGroup;
			children = (
				CED51960292D837800D7AF1B /* Rocket.swift */,
				CED51962292D8ED700D7AF1B /* Launch.swift */,
			);
			path = Model;
			sourceTree = "<group>";
		};
		CED51964292D8F6200D7AF1B /* Service */ = {
			isa = PBXGroup;
			children = (
				CED51965292D8F9500D7AF1B /* APIService.swift */,
			);
			path = Service;
			sourceTree = "<group>";
		};
/* End PBXGroup section */

/* Begin PBXNativeTarget section */
		CED51945292D747000D7AF1B /* SpaceY-UIKit */ = {
			isa = PBXNativeTarget;
			buildConfigurationList = CED5195A292D747100D7AF1B /* Build configuration list for PBXNativeTarget "SpaceY-UIKit" */;
			buildPhases = (
				CED51942292D747000D7AF1B /* Sources */,
				CED51943292D747000D7AF1B /* Frameworks */,
				CED51944292D747000D7AF1B /* Resources */,
			);
			buildRules = (
			);
			dependencies = (
			);
			name = "SpaceY-UIKit";
			productName = "SpaceY-UIKit";
			productReference = CED51946292D747000D7AF1B /* SpaceY-UIKit.app */;
			productType = "com.apple.product-type.application";
		};
/* End PBXNativeTarget section */

/* Begin PBXProject section */
		CED5193E292D747000D7AF1B /* Project object */ = {
			isa = PBXProject;
			attributes = {
				BuildIndependentTargetsInParallel = 1;
				LastSwiftUpdateCheck = 1410;
				LastUpgradeCheck = 1410;
				TargetAttributes = {
					CED51945292D747000D7AF1B = {
						CreatedOnToolsVersion = 14.1;
					};
				};
			};
			buildConfigurationList = CED51941292D747000D7AF1B /* Build configuration list for PBXProject "SpaceY-UIKit" */;
			compatibilityVersion = "Xcode 14.0";
			developmentRegion = en;
			hasScannedForEncodings = 0;
			knownRegions = (
				en,
				Base,
			);
			mainGroup = CED5193D292D747000D7AF1B;
			productRefGroup = CED51947292D747000D7AF1B /* Products */;
			projectDirPath = "";
			projectRoot = "";
			targets = (
				CED51945292D747000D7AF1B /* SpaceY-UIKit */,
			);
		};
/* End PBXProject section */

/* Begin PBXResourcesBuildPhase section */
		CED51944292D747000D7AF1B /* Resources */ = {
			isa = PBXResourcesBuildPhase;
			buildActionMask = 2147483647;
			files = (
				CED5195E292D747900D7AF1B /* .gitignore in Resources */,
				CED51956292D747100D7AF1B /* LaunchScreen.storyboard in Resources */,
				CED51953292D747100D7AF1B /* Assets.xcassets in Resources */,
			);
			runOnlyForDeploymentPostprocessing = 0;
		};
/* End PBXResourcesBuildPhase section */

/* Begin PBXSourcesBuildPhase section */
		CED51942292D747000D7AF1B /* Sources */ = {
			isa = PBXSourcesBuildPhase;
			buildActionMask = 2147483647;
			files = (
				CED51966292D8F9500D7AF1B /* APIService.swift in Sources */,
				CED5194A292D747000D7AF1B /* AppDelegate.swift in Sources */,
				CED5194C292D747000D7AF1B /* SceneDelegate.swift in Sources */,
				CED51963292D8ED700D7AF1B /* Launch.swift in Sources */,
				CED51961292D837800D7AF1B /* Rocket.swift in Sources */,
				CE42A61029340F2F001DA373 /* HomeViewController.swift in Sources */,
			);
			runOnlyForDeploymentPostprocessing = 0;
		};
/* End PBXSourcesBuildPhase section */

/* Begin PBXVariantGroup section */
		CED51954292D747100D7AF1B /* LaunchScreen.storyboard */ = {
			isa = PBXVariantGroup;
			children = (
				CED51955292D747100D7AF1B /* Base */,
			);
			name = LaunchScreen.storyboard;
			sourceTree = "<group>";
		};
/* End PBXVariantGroup section */

/* Begin XCBuildConfiguration section */
		CED51958292D747100D7AF1B /* Debug */ = {
			isa = XCBuildConfiguration;
			buildSettings = {
				ALWAYS_SEARCH_USER_PATHS = NO;
				CLANG_ANALYZER_NONNULL = YES;
				CLANG_ANALYZER_NUMBER_OBJECT_CONVERSION = YES_AGGRESSIVE;
				CLANG_CXX_LANGUAGE_STANDARD = "gnu++20";
				CLANG_ENABLE_MODULES = YES;
				CLANG_ENABLE_OBJC_ARC = YES;
				CLANG_ENABLE_OBJC_WEAK = YES;
				CLANG_WARN_BLOCK_CAPTURE_AUTORELEASING = YES;
				CLANG_WARN_BOOL_CONVERSION = YES;
				CLANG_WARN_COMMA = YES;
				CLANG_WARN_CONSTANT_CONVERSION = YES;
				CLANG_WARN_DEPRECATED_OBJC_IMPLEMENTATIONS = YES;
				CLANG_WARN_DIRECT_OBJC_ISA_USAGE = YES_ERROR;
				CLANG_WARN_DOCUMENTATION_COMMENTS = YES;
				CLANG_WARN_EMPTY_BODY = YES;
				CLANG_WARN_ENUM_CONVERSION = YES;
				CLANG_WARN_INFINITE_RECURSION = YES;
				CLANG_WARN_INT_CONVERSION = YES;
				CLANG_WARN_NON_LITERAL_NULL_CONVERSION = YES;
				CLANG_WARN_OBJC_IMPLICIT_RETAIN_SELF = YES;
				CLANG_WARN_OBJC_LITERAL_CONVERSION = YES;
				CLANG_WARN_OBJC_ROOT_CLASS = YES_ERROR;
				CLANG_WARN_QUOTED_INCLUDE_IN_FRAMEWORK_HEADER = YES;
				CLANG_WARN_RANGE_LOOP_ANALYSIS = YES;
				CLANG_WARN_STRICT_PROTOTYPES = YES;
				CLANG_WARN_SUSPICIOUS_MOVE = YES;
				CLANG_WARN_UNGUARDED_AVAILABILITY = YES_AGGRESSIVE;
				CLANG_WARN_UNREACHABLE_CODE = YES;
				CLANG_WARN__DUPLICATE_METHOD_MATCH = YES;
				COPY_PHASE_STRIP = NO;
				DEBUG_INFORMATION_FORMAT = dwarf;
				ENABLE_STRICT_OBJC_MSGSEND = YES;
				ENABLE_TESTABILITY = YES;
				GCC_C_LANGUAGE_STANDARD = gnu11;
				GCC_DYNAMIC_NO_PIC = NO;
				GCC_NO_COMMON_BLOCKS = YES;
				GCC_OPTIMIZATION_LEVEL = 0;
				GCC_PREPROCESSOR_DEFINITIONS = (
					"DEBUG=1",
					"$(inherited)",
				);
				GCC_WARN_64_TO_32_BIT_CONVERSION = YES;
				GCC_WARN_ABOUT_RETURN_TYPE = YES_ERROR;
				GCC_WARN_UNDECLARED_SELECTOR = YES;
				GCC_WARN_UNINITIALIZED_AUTOS = YES_AGGRESSIVE;
				GCC_WARN_UNUSED_FUNCTION = YES;
				GCC_WARN_UNUSED_VARIABLE = YES;
				IPHONEOS_DEPLOYMENT_TARGET = 16.1;
				MTL_ENABLE_DEBUG_INFO = INCLUDE_SOURCE;
				MTL_FAST_MATH = YES;
				ONLY_ACTIVE_ARCH = YES;
				SDKROOT = iphoneos;
				SWIFT_ACTIVE_COMPILATION_CONDITIONS = DEBUG;
				SWIFT_OPTIMIZATION_LEVEL = "-Onone";
			};
			name = Debug;
		};
		CED51959292D747100D7AF1B /* Release */ = {
			isa = XCBuildConfiguration;
			buildSettings = {
				ALWAYS_SEARCH_USER_PATHS = NO;
				CLANG_ANALYZER_NONNULL = YES;
				CLANG_ANALYZER_NUMBER_OBJECT_CONVERSION = YES_AGGRESSIVE;
				CLANG_CXX_LANGUAGE_STANDARD = "gnu++20";
				CLANG_ENABLE_MODULES = YES;
				CLANG_ENABLE_OBJC_ARC = YES;
				CLANG_ENABLE_OBJC_WEAK = YES;
				CLANG_WARN_BLOCK_CAPTURE_AUTORELEASING = YES;
				CLANG_WARN_BOOL_CONVERSION = YES;
				CLANG_WARN_COMMA = YES;
				CLANG_WARN_CONSTANT_CONVERSION = YES;
				CLANG_WARN_DEPRECATED_OBJC_IMPLEMENTATIONS = YES;
				CLANG_WARN_DIRECT_OBJC_ISA_USAGE = YES_ERROR;
				CLANG_WARN_DOCUMENTATION_COMMENTS = YES;
				CLANG_WARN_EMPTY_BODY = YES;
				CLANG_WARN_ENUM_CONVERSION = YES;
				CLANG_WARN_INFINITE_RECURSION = YES;
				CLANG_WARN_INT_CONVERSION = YES;
				CLANG_WARN_NON_LITERAL_NULL_CONVERSION = YES;
				CLANG_WARN_OBJC_IMPLICIT_RETAIN_SELF = YES;
				CLANG_WARN_OBJC_LITERAL_CONVERSION = YES;
				CLANG_WARN_OBJC_ROOT_CLASS = YES_ERROR;
				CLANG_WARN_QUOTED_INCLUDE_IN_FRAMEWORK_HEADER = YES;
				CLANG_WARN_RANGE_LOOP_ANALYSIS = YES;
				CLANG_WARN_STRICT_PROTOTYPES = YES;
				CLANG_WARN_SUSPICIOUS_MOVE = YES;
				CLANG_WARN_UNGUARDED_AVAILABILITY = YES_AGGRESSIVE;
				CLANG_WARN_UNREACHABLE_CODE = YES;
				CLANG_WARN__DUPLICATE_METHOD_MATCH = YES;
				COPY_PHASE_STRIP = NO;
				DEBUG_INFORMATION_FORMAT = "dwarf-with-dsym";
				ENABLE_NS_ASSERTIONS = NO;
				ENABLE_STRICT_OBJC_MSGSEND = YES;
				GCC_C_LANGUAGE_STANDARD = gnu11;
				GCC_NO_COMMON_BLOCKS = YES;
				GCC_WARN_64_TO_32_BIT_CONVERSION = YES;
				GCC_WARN_ABOUT_RETURN_TYPE = YES_ERROR;
				GCC_WARN_UNDECLARED_SELECTOR = YES;
				GCC_WARN_UNINITIALIZED_AUTOS = YES_AGGRESSIVE;
				GCC_WARN_UNUSED_FUNCTION = YES;
				GCC_WARN_UNUSED_VARIABLE = YES;
				IPHONEOS_DEPLOYMENT_TARGET = 16.1;
				MTL_ENABLE_DEBUG_INFO = NO;
				MTL_FAST_MATH = YES;
				SDKROOT = iphoneos;
				SWIFT_COMPILATION_MODE = wholemodule;
				SWIFT_OPTIMIZATION_LEVEL = "-O";
				VALIDATE_PRODUCT = YES;
			};
			name = Release;
		};
		CED5195B292D747100D7AF1B /* Debug */ = {
			isa = XCBuildConfiguration;
			buildSettings = {
				ASSETCATALOG_COMPILER_APPICON_NAME = AppIcon;
				ASSETCATALOG_COMPILER_GLOBAL_ACCENT_COLOR_NAME = AccentColor;
				CODE_SIGN_STYLE = Automatic;
				CURRENT_PROJECT_VERSION = 9888;
				DEVELOPMENT_TEAM = 26BDZW584M;
				GENERATE_INFOPLIST_FILE = YES;
				INFOPLIST_FILE = "SpaceY-UIKit/Info.plist";
				INFOPLIST_KEY_CFBundleDisplayName = "Space Y";
				INFOPLIST_KEY_UIApplicationSupportsIndirectInputEvents = YES;
				INFOPLIST_KEY_UILaunchStoryboardName = LaunchScreen;
				INFOPLIST_KEY_UIRequiresFullScreen = YES;
				INFOPLIST_KEY_UISupportedInterfaceOrientations = UIInterfaceOrientationPortrait;
				IPHONEOS_DEPLOYMENT_TARGET = 13.0;
				LD_RUNPATH_SEARCH_PATHS = (
					"$(inherited)",
					"@executable_path/Frameworks",
				);
				MARKETING_VERSION = 1.0.0;
				PRODUCT_BUNDLE_IDENTIFIER = "com.pavelraspaev.SpaceY-UIKit";
				PRODUCT_NAME = "$(TARGET_NAME)";
				SWIFT_EMIT_LOC_STRINGS = YES;
				SWIFT_VERSION = 5.0;
				TARGETED_DEVICE_FAMILY = "1,2";
			};
			name = Debug;
		};
		CED5195C292D747100D7AF1B /* Release */ = {
			isa = XCBuildConfiguration;
			buildSettings = {
				ASSETCATALOG_COMPILER_APPICON_NAME = AppIcon;
				ASSETCATALOG_COMPILER_GLOBAL_ACCENT_COLOR_NAME = AccentColor;
				CODE_SIGN_STYLE = Automatic;
				CURRENT_PROJECT_VERSION = 9888;
				DEVELOPMENT_TEAM = 26BDZW584M;
				GENERATE_INFOPLIST_FILE = YES;
				INFOPLIST_FILE = "SpaceY-UIKit/Info.plist";
				INFOPLIST_KEY_CFBundleDisplayName = "Space Y";
				INFOPLIST_KEY_UIApplicationSupportsIndirectInputEvents = YES;
				INFOPLIST_KEY_UILaunchStoryboardName = LaunchScreen;
				INFOPLIST_KEY_UIRequiresFullScreen = YES;
				INFOPLIST_KEY_UISupportedInterfaceOrientations = UIInterfaceOrientationPortrait;
				IPHONEOS_DEPLOYMENT_TARGET = 13.0;
				LD_RUNPATH_SEARCH_PATHS = (
					"$(inherited)",
					"@executable_path/Frameworks",
				);
				MARKETING_VERSION = 1.0.0;
				PRODUCT_BUNDLE_IDENTIFIER = "com.pavelraspaev.SpaceY-UIKit";
				PRODUCT_NAME = "$(TARGET_NAME)";
				SWIFT_EMIT_LOC_STRINGS = YES;
				SWIFT_VERSION = 5.0;
				TARGETED_DEVICE_FAMILY = "1,2";
			};
			name = Release;
		};
/* End XCBuildConfiguration section */

/* Begin XCConfigurationList section */
		CED51941292D747000D7AF1B /* Build configuration list for PBXProject "SpaceY-UIKit" */ = {
			isa = XCConfigurationList;
			buildConfigurations = (
				CED51958292D747100D7AF1B /* Debug */,
				CED51959292D747100D7AF1B /* Release */,
			);
			defaultConfigurationIsVisible = 0;
			defaultConfigurationName = Release;
		};
		CED5195A292D747100D7AF1B /* Build configuration list for PBXNativeTarget "SpaceY-UIKit" */ = {
			isa = XCConfigurationList;
			buildConfigurations = (
				CED5195B292D747100D7AF1B /* Debug */,
				CED5195C292D747100D7AF1B /* Release */,
			);
			defaultConfigurationIsVisible = 0;
			defaultConfigurationName = Release;
		};
/* End XCConfigurationList section */
	};
	rootObject = CED5193E292D747000D7AF1B /* Project object */;
}
